# This file is autogenerated, do not edit; changes may be undone by the next 'dep ensure'.


[[projects]]
  branch = "v1"
  name = "github.com/go-check/check"
  packages = ["."]
  revision = "20d25e2804050c1cd24a7eea1e7a6447dd0e74ec"

[[projects]]
  name = "github.com/pkg/errors"
  packages = ["."]
  revision = "645ef00459ed84a119197bfb8d8205042c6df63d"
  version = "v0.8.0"

[[projects]]
  name = "github.com/rupertchen/go-bits"
  packages = ["."]
  revision = "e6e22cd48e4f78d8fb537a2aa7b63f3debb231cc"
  version = "v0.2.0"

[solve-meta]
  analyzer-name = "dep"
  analyzer-version = 1
  inputs-digest = "03d067f9290a2ed1e45c957b0437e7503c0c48e67be3aa79429ad3f033a088b1"
  solver-name = "gps-cdcl"
  solver-version = 1
